{
  "name": "test",
  "version": "1.0.0",
  "lockfileVersion": 3,
  "requires": true,
  "packages": {
    "": {
      "name": "test",
      "version": "1.0.0",
      "dependencies": {
        "@felix/architectural-intelligence": "^0.2.1"
      }
    },
    "node_modules/@felix/architectural-intelligence": {
      "version": "0.2.1",
      "resolved": "https://npm.pkg.github.com/download/@felix/architectural-intelligence/0.2.1/a7429e503d5536045dba035a64f8b051aee08b91",
      "integrity": "sha512-G0KMLslZwJ1gnO5qrdEzIVQ2wDV1j2unE38rQ/n2w5BEd+Z7s4Zzp0Jow0052bfRCEQUQJ5+o9ieM3HfhuENag==",
      "license": "PRIVATE",
      "dependencies": {
        "@felix/code-analysis-types": "^0.1.6",
        "@felix/code-parser": "^0.1.12",
        "@felix/knowledge-graph": "^0.1.5"
      },
      "peerDependencies": {
        "crypto": "*"
      }
    },
    "node_modules/@felix/code-analysis-types": {
      "version": "0.1.7",
      "resolved": "https://npm.pkg.github.com/download/@felix/code-analysis-types/0.1.7/32c8960c3fba661d062911737657fd8ad0980e54",
      "integrity": "sha512-gYBRWBq+RVyJrWStShat7sa1Uz7KtjXZ10aYTlkg1aHzBzVy4T4n6MVk1rrv5iRM6J6OnMuZxCxm+TXCLwoCmw==",
      "license": "PRIVATE",
      "dependencies": {
        "uuid": "^11.1.0"
      },
      "engines": {
        "node": ">=18.0.0"
      }
    },
    "node_modules/@felix/code-parser": {
      "version": "0.1.23",
      "resolved": "https://npm.pkg.github.com/download/@felix/code-parser/0.1.23/0177e01964bb9d290142cf82c93b3cbd92b4d340",
      "integrity": "sha512-qUEjs++ox6Mfuxv4cY9txCAACWytSY4v3pJF/WjX7W7cI1Tlf536DlWpgMfwjc0c2z169cUVyEn4lqI8O2Yxqg==",
      "license": "PRIVATE",
      "dependencies": {
        "@felix/code-analysis-types": "^0.1.7",
        "java-parser": "^2.3.3"
      },
      "engines": {
        "node": ">=18.0.0"
      }
    },
    "node_modules/@felix/knowledge-graph": {
      "version": "0.1.5",
      "resolved": "https://npm.pkg.github.com/download/@felix/knowledge-graph/0.1.5/69e48c5d41bdb65eb13d6e555fde408f3cc7e02a",
      "integrity": "sha512-qys1RwLa5rYD/xSLgzjRdcxwZdxm5iMxu7LGQRuWYyMKB/UxLrb/MjWEaRbNw9eevPz/nGI9xjWW56oXVuoIlA==",
      "license": "PRIVATE",
      "dependencies": {
        "@felix/code-analysis-types": "^0.1.7"
      },
      "engines": {
        "node": ">=18.0.0"
      }
    },
    "node_modules/@chevrotain/cst-dts-gen": {
      "version": "11.0.3",
      "resolved": "https://registry.npmjs.org/@chevrotain/cst-dts-gen/-/cst-dts-gen-11.0.3.tgz",
      "integrity": "sha512-BvIKpRLeS/8UbfxXxgC33xOumsacaeCKAjAeLyOn7Pcp95HiRbrpl14S+9vaZLolnbssPIUuiUd8IvgkRyt6NQ==",
      "license": "Apache-2.0",
      "dependencies": {
        "@chevrotain/gast": "11.0.3",
        "@chevrotain/types": "11.0.3",
        "lodash-es": "4.17.21"
      }
    },
    "node_modules/@chevrotain/gast": {
      "version": "11.0.3",
      "resolved": "https://registry.npmjs.org/@chevrotain/gast/-/gast-11.0.3.tgz",
      "integrity": "sha512-+qNfcoNk70PyS/uxmj3li5NiECO+2YKZZQMbmjTqRI3Qchu8Hig/Q9vgkHpI3alNjr7M+a2St5pw5w5F6NL5/Q==",
      "license": "Apache-2.0",
      "dependencies": {
        "@chevrotain/types": "11.0.3",
        "lodash-es": "4.17.21"
      }
    },
    "node_modules/@chevrotain/regexp-to-ast": {
      "version": "11.0.3",
      "resolved": "https://registry.npmjs.org/@chevrotain/regexp-to-ast/-/regexp-to-ast-11.0.3.tgz",
      "integrity": "sha512-1fMHaBZxLFvWI067AVbGJav1eRY7N8DDvYCTwGBiE/ytKBgP8azTdgyrKyWZ9Mfh09eHWb5PgTSO8wi7U824RA==",
      "license": "Apache-2.0"
    },
    "node_modules/@chevrotain/types": {
      "version": "11.0.3",
      "resolved": "https://registry.npmjs.org/@chevrotain/types/-/types-11.0.3.tgz",
      "integrity": "sha512-gsiM3G8b58kZC2HaWR50gu6Y1440cHiJ+i3JUvcp/35JchYejb2+5MVeJK0iKThYpAa/P2PYFV4hoi44HD+aHQ==",
      "license": "Apache-2.0"
    },
    "node_modules/@chevrotain/utils": {
      "version": "11.0.3",
      "resolved": "https://registry.npmjs.org/@chevrotain/utils/-/utils-11.0.3.tgz",
      "integrity": "sha512-YslZMgtJUyuMbZ+aKvfF3x1f5liK4mWNxghFRv7jqRR9C3R3fAOGTTKvxXDa2Y1s9zSbcpuO0cAxDYsc9SrXoQ==",
      "license": "Apache-2.0"
    },
    "node_modules/chevrotain": {
      "version": "11.0.3",
      "resolved": "https://registry.npmjs.org/chevrotain/-/chevrotain-11.0.3.tgz",
      "integrity": "sha512-ci2iJH6LeIkvP9eJW6gpueU8cnZhv85ELY8w8WiFtNjMHA5ad6pQLaJo9mEly/9qUyCpvqX8/POVUTf18/HFdw==",
      "license": "Apache-2.0",
      "dependencies": {
        "@chevrotain/cst-dts-gen": "11.0.3",
        "@chevrotain/gast": "11.0.3",
        "@chevrotain/regexp-to-ast": "11.0.3",
        "@chevrotain/types": "11.0.3",
        "@chevrotain/utils": "11.0.3",
        "lodash-es": "4.17.21"
      }
    },
    "node_modules/chevrotain-allstar": {
      "version": "0.3.1",
      "resolved": "https://registry.npmjs.org/chevrotain-allstar/-/chevrotain-allstar-0.3.1.tgz",
      "integrity": "sha512-b7g+y9A0v4mxCW1qUhf3BSVPg+/NvGErk/dOkrDaHA0nQIQGAtrOjlX//9OQtRlSCy+x9rfB5N8yC71lH1nvMw==",
      "license": "MIT",
      "dependencies": {
        "lodash-es": "^4.17.21"
      },
      "peerDependencies": {
        "chevrotain": "^11.0.0"
      }
    },
    "node_modules/crypto": {
      "version": "1.0.1",
      "resolved": "https://registry.npmjs.org/crypto/-/crypto-1.0.1.tgz",
      "integrity": "sha512-VxBKmeNcqQdiUQUW2Tzq0t377b54N2bMtXO/qiLa+6eRRmmC4qT3D4OnTGoT/U6O9aklQ/jTwbOtRMTTY8G0Ig==",
      "deprecated": "This package is no longer supported. It's now a built-in Node module. If you've depended on crypto, you should switch to the one that's built-in.",
      "license": "ISC",
      "peer": true
    },
    "node_modules/java-parser": {
      "version": "2.3.4",
      "resolved": "https://registry.npmjs.org/java-parser/-/java-parser-2.3.4.tgz",
      "integrity": "sha512-5fnUDL2AUYX7gs6YlfyVmvq+bFL+HlSBE+MdPdUsfaE898KObdu9aafJCKTJIzXi2IF+P/RiCA5kvGc0msxhYA==",
      "license": "Apache-2.0",
      "dependencies": {
        "chevrotain": "11.0.3",
        "chevrotain-allstar": "0.3.1",
        "lodash": "4.17.21"
      }
    },
    "node_modules/lodash": {
      "version": "4.17.21",
      "resolved": "https://registry.npmjs.org/lodash/-/lodash-4.17.21.tgz",
      "integrity": "sha512-v2kDEe57lecTulaDIuNTPy3Ry4gLGJ6Z1O3vE1krgXZNrsQ+LFTGHVxVjcXPs17LhbZVGedAJv8XZ1tvj5FvSg==",
      "license": "MIT"
    },
    "node_modules/lodash-es": {
      "version": "4.17.21",
      "resolved": "https://registry.npmjs.org/lodash-es/-/lodash-es-4.17.21.tgz",
      "integrity": "sha512-mKnC+QJ9pWVzv+C4/U3rRsHapFfHvQFoFB92e52xeyGMcX6/OlIl78je1u8vePzYZSkkogMPJ2yjxxsb89cxyw==",
      "license": "MIT"
    },
    "node_modules/uuid": {
      "version": "11.1.0",
      "resolved": "https://registry.npmjs.org/uuid/-/uuid-11.1.0.tgz",
      "integrity": "sha512-0/A9rDy9P7cJ+8w1c9WD9V//9Wj15Ce2MPz8Ri6032usz+NfePxx5AcN3bN+r6ZL6jEo066/yNYB3tn4pQEx+A==",
      "funding": [
        "https://github.com/sponsors/broofa",
        "https://github.com/sponsors/ctavan"
      ],
      "license": "MIT",
      "bin": {
        "uuid": "dist/esm/bin/uuid"
      }
    }
  }
}
